
Microsoft Visual Studio Solution File, Format Version 12.00
# Visual Studio Version 17
VisualStudioVersion = 17.14.36109.1 d17.14
MinimumVisualStudioVersion = 10.0.40219.1
Project("{FAE04EC0-301F-11D3-BF4B-00C04F79EFBC}") = "Portal_Web_Temático", "Portal_Web_Temático\Portal_Web_Temático.csproj", "{7E2BB689-41C4-4506-8160-EF53D3F70B4A}"
EndProject
Global
	GlobalSection(SolutionConfigurationPlatforms) = preSolution
		Debug|Any CPU = Debug|Any CPU
		Release|Any CPU = Release|Any CPU
	EndGlobalSection
	GlobalSection(ProjectConfigurationPlatforms) = postSolution
		{7E2BB689-41C4-4506-8160-EF53D3F70B4A}.Debug|Any CPU.ActiveCfg = Debug|Any CPU
		{7E2BB689-41C4-4506-8160-EF53D3F70B4A}.Debug|Any CPU.Build.0 = Debug|Any CPU
		{7E2BB689-41C4-4506-8160-EF53D3F70B4A}.Release|Any CPU.ActiveCfg = Release|Any CPU
		{7E2BB689-41C4-4506-8160-EF53D3F70B4A}.Release|Any CPU.Build.0 = Release|Any CPU
	EndGlobalSection
	GlobalSection(SolutionProperties) = preSolution
		HideSolutionNode = FALSE
	EndGlobalSection
	GlobalSection(ExtensibilityGlobals) = postSolution
		SolutionGuid = {DD1C98D9-E59A-4112-8BE5-C2C6A99ABC29}
	EndGlobalSection
EndGlobal
